{
  "name": "venvscriptsactivate",
  "version": "1.0.0",
  "lockfileVersion": 3,
  "requires": true,
  "packages": {
    "": {
      "name": "venvscriptsactivate",
      "version": "1.0.0",
      "license": "ISC",
      "dependencies": {
        "@cloudflare/ai": "^1.0.37"
      },
      "devDependencies": {
        "typescript": "^5.3.3"
      }
    },
    "node_modules/@cloudflare/ai": {
      "version": "1.0.37",
      "resolved": "https://registry.npmjs.org/@cloudflare/ai/-/ai-1.0.37.tgz",
      "integrity": "sha512-mR1Lbkr8aDks6LLhhEpXB8SValH+mDKtrxT4idxBlArPnB5fqU2Kpj961AWWW+3JHRPFRC2YPATC+/UgyL2Fxg=="
    },
    "node_modules/typescript": {
      "version": "5.3.3",
      "resolved": "https://registry.npmjs.org/typescript/-/typescript-5.3.3.tgz",
      "integrity": "sha512-pXWcraxM0uxAS+tN0AG/BF2TyqmHO014Z070UsJ+pFvYuRSq8KH8DmWpnbXe0pEPDHXZV3FcAbJkijJ5oNEnWw==",
      "dev": true,
      "bin": {
        "tsc": "bin/tsc",
        "tsserver": "bin/tsserver"
      },
      "engines": {
        "node": ">=14.17"
      }
    }
  }
}
